
Microsoft Visual Studio Solution File, Format Version 12.00
Project("{FAE04EC0-301F-11D3-BF4B-00C04F79EFBC}") = "Gateway", "Gateway\Gateway.csproj", "{5133B977-9D98-477A-8A3F-AA18E0AD3B7B}"
EndProject
Project("{2150E333-8FDC-42A3-9474-1A3956D46DE8}") = "Services", "Services", "{34F6D2A5-BBA9-45A0-AE27-B2E178751C5F}"
EndProject
Project("{FAE04EC0-301F-11D3-BF4B-00C04F79EFBC}") = "Auth.API", "Auth.API\Auth.API.csproj", "{0600A7D1-4DEB-458E-8788-4BDC35A0BD7F}"
EndProject
Project("{2150E333-8FDC-42A3-9474-1A3956D46DE8}") = "AuthService", "AuthService", "{FEFE90EE-7812-4427-AC89-99D362A43C88}"
EndProject
Project("{FAE04EC0-301F-11D3-BF4B-00C04F79EFBC}") = "Auth.Domain", "Auth.Domain\Auth.Domain.csproj", "{2F304D71-1CE9-4FCD-B756-0C37186566E0}"
EndProject
Project("{FAE04EC0-301F-11D3-BF4B-00C04F79EFBC}") = "Auth.Application", "Auth.Application\Auth.Application.csproj", "{5586254A-6442-40F0-9C7D-C91F8FC62E6F}"
EndProject
Project("{FAE04EC0-301F-11D3-BF4B-00C04F79EFBC}") = "Auth.Infrastructure", "Auth.Infrastructure\Auth.Infrastructure.csproj", "{817402F6-8444-42D5-92F3-B284C1EBCF66}"
EndProject
Project("{2150E333-8FDC-42A3-9474-1A3956D46DE8}") = "Solution Items", "Solution Items", "{3B489320-8D1E-4D0D-A83E-D41FFB6C433C}"
	ProjectSection(SolutionItems) = preProject
		compose.yaml = compose.yaml
	EndProjectSection
EndProject
Project("{2150E333-8FDC-42A3-9474-1A3956D46DE8}") = "NotificationService", "NotificationService", "{4BE4D337-A071-4864-A4EE-B7F98724B50E}"
EndProject
Project("{FAE04EC0-301F-11D3-BF4B-00C04F79EFBC}") = "Shared.Contracts", "Shared.Contracts\Shared.Contracts.csproj", "{F7580C9E-753B-45E5-9680-D85C0E13BD30}"
EndProject
Project("{FAE04EC0-301F-11D3-BF4B-00C04F79EFBC}") = "Notification.API", "Notification.API\Notification.API.csproj", "{9B8CF815-32C7-45EC-AEA4-20F51571D97D}"
EndProject
Project("{FAE04EC0-301F-11D3-BF4B-00C04F79EFBC}") = "Notification.Application", "Notification.Application\Notification.Application.csproj", "{5D42C36B-5AE0-4A62-8DC0-42B015D7B695}"
EndProject
Project("{FAE04EC0-301F-11D3-BF4B-00C04F79EFBC}") = "Notification.Infrastructure", "Notification.Infrastructure\Notification.Infrastructure.csproj", "{67839A62-65E0-42BD-9485-5555C0EDC092}"
EndProject
Project("{2150E333-8FDC-42A3-9474-1A3956D46DE8}") = "NotesService", "NotesService", "{9CEF5FA5-225C-46F2-ACB8-E3DEC1E6C238}"
EndProject
Project("{FAE04EC0-301F-11D3-BF4B-00C04F79EFBC}") = "Notes.API", "Notes.API\Notes.API.csproj", "{E5ADECDF-C214-4211-A19E-FEE146A00F53}"
EndProject
Project("{FAE04EC0-301F-11D3-BF4B-00C04F79EFBC}") = "Notes.Application", "Notes.Application\Notes.Application.csproj", "{BDD8E49A-EB99-49A6-BFBE-EB86FEE21D2B}"
EndProject
Project("{FAE04EC0-301F-11D3-BF4B-00C04F79EFBC}") = "Notes.Infrastructure", "Notes.Infrastructure\Notes.Infrastructure.csproj", "{10F3089E-ED2F-49A3-87C8-C8ED20F0E7BA}"
EndProject
Project("{FAE04EC0-301F-11D3-BF4B-00C04F79EFBC}") = "Notes.Domain", "Notes.Domain\Notes.Domain.csproj", "{C1FB9D64-0FCD-46EE-AB76-90686B2975B4}"
EndProject
Project("{FAE04EC0-301F-11D3-BF4B-00C04F79EFBC}") = "Common.Infrastructure", "Common.Infrastructure\Common.Infrastructure.csproj", "{331F1380-8E17-42B0-A8FE-38F4FDFF2B61}"
EndProject
Project("{FAE04EC0-301F-11D3-BF4B-00C04F79EFBC}") = "Common.Application", "Common.Application\Common.Application.csproj", "{C4AE27EB-8175-4A8B-A16E-FEEEF9143CDB}"
EndProject
Global
	GlobalSection(SolutionConfigurationPlatforms) = preSolution
		Debug|Any CPU = Debug|Any CPU
		Release|Any CPU = Release|Any CPU
	EndGlobalSection
	GlobalSection(ProjectConfigurationPlatforms) = postSolution
		{5133B977-9D98-477A-8A3F-AA18E0AD3B7B}.Debug|Any CPU.ActiveCfg = Debug|Any CPU
		{5133B977-9D98-477A-8A3F-AA18E0AD3B7B}.Debug|Any CPU.Build.0 = Debug|Any CPU
		{5133B977-9D98-477A-8A3F-AA18E0AD3B7B}.Release|Any CPU.ActiveCfg = Release|Any CPU
		{5133B977-9D98-477A-8A3F-AA18E0AD3B7B}.Release|Any CPU.Build.0 = Release|Any CPU
		{0600A7D1-4DEB-458E-8788-4BDC35A0BD7F}.Debug|Any CPU.ActiveCfg = Debug|Any CPU
		{0600A7D1-4DEB-458E-8788-4BDC35A0BD7F}.Debug|Any CPU.Build.0 = Debug|Any CPU
		{0600A7D1-4DEB-458E-8788-4BDC35A0BD7F}.Release|Any CPU.ActiveCfg = Release|Any CPU
		{0600A7D1-4DEB-458E-8788-4BDC35A0BD7F}.Release|Any CPU.Build.0 = Release|Any CPU
		{2F304D71-1CE9-4FCD-B756-0C37186566E0}.Debug|Any CPU.ActiveCfg = Debug|Any CPU
		{2F304D71-1CE9-4FCD-B756-0C37186566E0}.Debug|Any CPU.Build.0 = Debug|Any CPU
		{2F304D71-1CE9-4FCD-B756-0C37186566E0}.Release|Any CPU.ActiveCfg = Release|Any CPU
		{2F304D71-1CE9-4FCD-B756-0C37186566E0}.Release|Any CPU.Build.0 = Release|Any CPU
		{5586254A-6442-40F0-9C7D-C91F8FC62E6F}.Debug|Any CPU.ActiveCfg = Debug|Any CPU
		{5586254A-6442-40F0-9C7D-C91F8FC62E6F}.Debug|Any CPU.Build.0 = Debug|Any CPU
		{5586254A-6442-40F0-9C7D-C91F8FC62E6F}.Release|Any CPU.ActiveCfg = Release|Any CPU
		{5586254A-6442-40F0-9C7D-C91F8FC62E6F}.Release|Any CPU.Build.0 = Release|Any CPU
		{817402F6-8444-42D5-92F3-B284C1EBCF66}.Debug|Any CPU.ActiveCfg = Debug|Any CPU
		{817402F6-8444-42D5-92F3-B284C1EBCF66}.Debug|Any CPU.Build.0 = Debug|Any CPU
		{817402F6-8444-42D5-92F3-B284C1EBCF66}.Release|Any CPU.ActiveCfg = Release|Any CPU
		{817402F6-8444-42D5-92F3-B284C1EBCF66}.Release|Any CPU.Build.0 = Release|Any CPU
		{F7580C9E-753B-45E5-9680-D85C0E13BD30}.Debug|Any CPU.ActiveCfg = Debug|Any CPU
		{F7580C9E-753B-45E5-9680-D85C0E13BD30}.Debug|Any CPU.Build.0 = Debug|Any CPU
		{F7580C9E-753B-45E5-9680-D85C0E13BD30}.Release|Any CPU.ActiveCfg = Release|Any CPU
		{F7580C9E-753B-45E5-9680-D85C0E13BD30}.Release|Any CPU.Build.0 = Release|Any CPU
		{9B8CF815-32C7-45EC-AEA4-20F51571D97D}.Debug|Any CPU.ActiveCfg = Debug|Any CPU
		{9B8CF815-32C7-45EC-AEA4-20F51571D97D}.Debug|Any CPU.Build.0 = Debug|Any CPU
		{9B8CF815-32C7-45EC-AEA4-20F51571D97D}.Release|Any CPU.ActiveCfg = Release|Any CPU
		{9B8CF815-32C7-45EC-AEA4-20F51571D97D}.Release|Any CPU.Build.0 = Release|Any CPU
		{5D42C36B-5AE0-4A62-8DC0-42B015D7B695}.Debug|Any CPU.ActiveCfg = Debug|Any CPU
		{5D42C36B-5AE0-4A62-8DC0-42B015D7B695}.Debug|Any CPU.Build.0 = Debug|Any CPU
		{5D42C36B-5AE0-4A62-8DC0-42B015D7B695}.Release|Any CPU.ActiveCfg = Release|Any CPU
		{5D42C36B-5AE0-4A62-8DC0-42B015D7B695}.Release|Any CPU.Build.0 = Release|Any CPU
		{67839A62-65E0-42BD-9485-5555C0EDC092}.Debug|Any CPU.ActiveCfg = Debug|Any CPU
		{67839A62-65E0-42BD-9485-5555C0EDC092}.Debug|Any CPU.Build.0 = Debug|Any CPU
		{67839A62-65E0-42BD-9485-5555C0EDC092}.Release|Any CPU.ActiveCfg = Release|Any CPU
		{67839A62-65E0-42BD-9485-5555C0EDC092}.Release|Any CPU.Build.0 = Release|Any CPU
		{E5ADECDF-C214-4211-A19E-FEE146A00F53}.Debug|Any CPU.ActiveCfg = Debug|Any CPU
		{E5ADECDF-C214-4211-A19E-FEE146A00F53}.Debug|Any CPU.Build.0 = Debug|Any CPU
		{E5ADECDF-C214-4211-A19E-FEE146A00F53}.Release|Any CPU.ActiveCfg = Release|Any CPU
		{E5ADECDF-C214-4211-A19E-FEE146A00F53}.Release|Any CPU.Build.0 = Release|Any CPU
		{BDD8E49A-EB99-49A6-BFBE-EB86FEE21D2B}.Debug|Any CPU.ActiveCfg = Debug|Any CPU
		{BDD8E49A-EB99-49A6-BFBE-EB86FEE21D2B}.Debug|Any CPU.Build.0 = Debug|Any CPU
		{BDD8E49A-EB99-49A6-BFBE-EB86FEE21D2B}.Release|Any CPU.ActiveCfg = Release|Any CPU
		{BDD8E49A-EB99-49A6-BFBE-EB86FEE21D2B}.Release|Any CPU.Build.0 = Release|Any CPU
		{10F3089E-ED2F-49A3-87C8-C8ED20F0E7BA}.Debug|Any CPU.ActiveCfg = Debug|Any CPU
		{10F3089E-ED2F-49A3-87C8-C8ED20F0E7BA}.Debug|Any CPU.Build.0 = Debug|Any CPU
		{10F3089E-ED2F-49A3-87C8-C8ED20F0E7BA}.Release|Any CPU.ActiveCfg = Release|Any CPU
		{10F3089E-ED2F-49A3-87C8-C8ED20F0E7BA}.Release|Any CPU.Build.0 = Release|Any CPU
		{C1FB9D64-0FCD-46EE-AB76-90686B2975B4}.Debug|Any CPU.ActiveCfg = Debug|Any CPU
		{C1FB9D64-0FCD-46EE-AB76-90686B2975B4}.Debug|Any CPU.Build.0 = Debug|Any CPU
		{C1FB9D64-0FCD-46EE-AB76-90686B2975B4}.Release|Any CPU.ActiveCfg = Release|Any CPU
		{C1FB9D64-0FCD-46EE-AB76-90686B2975B4}.Release|Any CPU.Build.0 = Release|Any CPU
		{331F1380-8E17-42B0-A8FE-38F4FDFF2B61}.Debug|Any CPU.ActiveCfg = Debug|Any CPU
		{331F1380-8E17-42B0-A8FE-38F4FDFF2B61}.Debug|Any CPU.Build.0 = Debug|Any CPU
		{331F1380-8E17-42B0-A8FE-38F4FDFF2B61}.Release|Any CPU.ActiveCfg = Release|Any CPU
		{331F1380-8E17-42B0-A8FE-38F4FDFF2B61}.Release|Any CPU.Build.0 = Release|Any CPU
		{C4AE27EB-8175-4A8B-A16E-FEEEF9143CDB}.Debug|Any CPU.ActiveCfg = Debug|Any CPU
		{C4AE27EB-8175-4A8B-A16E-FEEEF9143CDB}.Debug|Any CPU.Build.0 = Debug|Any CPU
		{C4AE27EB-8175-4A8B-A16E-FEEEF9143CDB}.Release|Any CPU.ActiveCfg = Release|Any CPU
		{C4AE27EB-8175-4A8B-A16E-FEEEF9143CDB}.Release|Any CPU.Build.0 = Release|Any CPU
	EndGlobalSection
	GlobalSection(NestedProjects) = preSolution
		{FEFE90EE-7812-4427-AC89-99D362A43C88} = {34F6D2A5-BBA9-45A0-AE27-B2E178751C5F}
		{0600A7D1-4DEB-458E-8788-4BDC35A0BD7F} = {FEFE90EE-7812-4427-AC89-99D362A43C88}
		{2F304D71-1CE9-4FCD-B756-0C37186566E0} = {FEFE90EE-7812-4427-AC89-99D362A43C88}
		{5586254A-6442-40F0-9C7D-C91F8FC62E6F} = {FEFE90EE-7812-4427-AC89-99D362A43C88}
		{817402F6-8444-42D5-92F3-B284C1EBCF66} = {FEFE90EE-7812-4427-AC89-99D362A43C88}
		{4BE4D337-A071-4864-A4EE-B7F98724B50E} = {34F6D2A5-BBA9-45A0-AE27-B2E178751C5F}
		{9B8CF815-32C7-45EC-AEA4-20F51571D97D} = {4BE4D337-A071-4864-A4EE-B7F98724B50E}
		{5D42C36B-5AE0-4A62-8DC0-42B015D7B695} = {4BE4D337-A071-4864-A4EE-B7F98724B50E}
		{67839A62-65E0-42BD-9485-5555C0EDC092} = {4BE4D337-A071-4864-A4EE-B7F98724B50E}
		{9CEF5FA5-225C-46F2-ACB8-E3DEC1E6C238} = {34F6D2A5-BBA9-45A0-AE27-B2E178751C5F}
		{E5ADECDF-C214-4211-A19E-FEE146A00F53} = {9CEF5FA5-225C-46F2-ACB8-E3DEC1E6C238}
		{BDD8E49A-EB99-49A6-BFBE-EB86FEE21D2B} = {9CEF5FA5-225C-46F2-ACB8-E3DEC1E6C238}
		{10F3089E-ED2F-49A3-87C8-C8ED20F0E7BA} = {9CEF5FA5-225C-46F2-ACB8-E3DEC1E6C238}
		{C1FB9D64-0FCD-46EE-AB76-90686B2975B4} = {9CEF5FA5-225C-46F2-ACB8-E3DEC1E6C238}
	EndGlobalSection
EndGlobal
